// !$*UTF8*$!
{
	archiveVersion = 1;
	classes = {
	};
	objectVersion = 46;
	objects = {

/* Begin PBXBuildFile section */
		7B7CBAC34247E8640E960CFC /* libPods-OpenTokRTC.a in Frameworks */ = {isa = PBXBuildFile; fileRef = 5733971C0910634C2DC00A25 /* libPods-OpenTokRTC.a */; };
		920885ED1C4DB44100121424 /* main.m in Sources */ = {isa = PBXBuildFile; fileRef = 920885EC1C4DB44100121424 /* main.m */; };
		920885F01C4DB44100121424 /* AppDelegate.m in Sources */ = {isa = PBXBuildFile; fileRef = 920885EF1C4DB44100121424 /* AppDelegate.m */; };
		920885F31C4DB44100121424 /* ViewController.m in Sources */ = {isa = PBXBuildFile; fileRef = 920885F21C4DB44100121424 /* ViewController.m */; };
		920885F81C4DB44100121424 /* Assets.xcassets in Resources */ = {isa = PBXBuildFile; fileRef = 920885F71C4DB44100121424 /* Assets.xcassets */; };
		92E372261C4DC142001AAD8B /* RoomViewController.m in Sources */ = {isa = PBXBuildFile; fileRef = 92E372251C4DC142001AAD8B /* RoomViewController.m */; };
		92E3722E1C4E0393001AAD8B /* MainStoryboard.storyboard in Resources */ = {isa = PBXBuildFile; fileRef = 92E3722C1C4E0393001AAD8B /* MainStoryboard.storyboard */; };
		92E372301C4E11DF001AAD8B /* Avant Garde Book BT.ttf in Resources */ = {isa = PBXBuildFile; fileRef = 92E3722F1C4E11DF001AAD8B /* Avant Garde Book BT.ttf */; };
/* End PBXBuildFile section */

/* Begin PBXFileReference section */
		4C4DC6D1F1AC37F67D6BC72A /* Pods-OpenTokRTC.debug.xcconfig */ = {isa = PBXFileReference; includeInIndex = 1; lastKnownFileType = text.xcconfig; name = "Pods-OpenTokRTC.debug.xcconfig"; path = "Pods/Target Support Files/Pods-OpenTokRTC/Pods-OpenTokRTC.debug.xcconfig"; sourceTree = "<group>"; };
		5733971C0910634C2DC00A25 /* libPods-OpenTokRTC.a */ = {isa = PBXFileReference; explicitFileType = archive.ar; includeInIndex = 0; path = "libPods-OpenTokRTC.a"; sourceTree = BUILT_PRODUCTS_DIR; };
		920885E81C4DB44100121424 /* OpenTokRTC.app */ = {isa = PBXFileReference; explicitFileType = wrapper.application; includeInIndex = 0; path = OpenTokRTC.app; sourceTree = BUILT_PRODUCTS_DIR; };
		920885EC1C4DB44100121424 /* main.m */ = {isa = PBXFileReference; lastKnownFileType = sourcecode.c.objc; path = main.m; sourceTree = "<group>"; };
		920885EE1C4DB44100121424 /* AppDelegate.h */ = {isa = PBXFileReference; lastKnownFileType = sourcecode.c.h; path = AppDelegate.h; sourceTree = "<group>"; };
		920885EF1C4DB44100121424 /* AppDelegate.m */ = {isa = PBXFileReference; lastKnownFileType = sourcecode.c.objc; path = AppDelegate.m; sourceTree = "<group>"; };
		920885F11C4DB44100121424 /* ViewController.h */ = {isa = PBXFileReference; lastKnownFileType = sourcecode.c.h; name = ViewController.h; path = OpenTokRTC/ViewController.h; sourceTree = "<group>"; };
		920885F21C4DB44100121424 /* ViewController.m */ = {isa = PBXFileReference; lastKnownFileType = sourcecode.c.objc; name = ViewController.m; path = OpenTokRTC/ViewController.m; sourceTree = "<group>"; };
		920885F71C4DB44100121424 /* Assets.xcassets */ = {isa = PBXFileReference; lastKnownFileType = folder.assetcatalog; name = Assets.xcassets; path = OpenTokRTC/Assets.xcassets; sourceTree = "<group>"; };
		920885FC1C4DB44100121424 /* Info.plist */ = {isa = PBXFileReference; lastKnownFileType = text.plist.xml; path = Info.plist; sourceTree = "<group>"; };
		92E3721C1C4DB641001AAD8B /* .gitignore */ = {isa = PBXFileReference; fileEncoding = 4; lastKnownFileType = text; path = .gitignore; sourceTree = "<group>"; };
		92E3721D1C4DB641001AAD8B /* Podfile */ = {isa = PBXFileReference; fileEncoding = 4; lastKnownFileType = text; path = Podfile; sourceTree = "<group>"; };
		92E372201C4DB660001AAD8B /* README.md */ = {isa = PBXFileReference; fileEncoding = 4; lastKnownFileType = net.daringfireball.markdown; path = README.md; sourceTree = "<group>"; };
		92E372241C4DC142001AAD8B /* RoomViewController.h */ = {isa = PBXFileReference; fileEncoding = 4; lastKnownFileType = sourcecode.c.h; name = RoomViewController.h; path = OpenTokRTC/RoomViewController.h; sourceTree = "<group>"; };
		92E372251C4DC142001AAD8B /* RoomViewController.m */ = {isa = PBXFileReference; fileEncoding = 4; lastKnownFileType = sourcecode.c.objc; name = RoomViewController.m; path = OpenTokRTC/RoomViewController.m; sourceTree = "<group>"; };
		92E3722D1C4E0393001AAD8B /* Base */ = {isa = PBXFileReference; lastKnownFileType = file.storyboard; name = Base; path = OpenTokRTC/Base.lproj/MainStoryboard.storyboard; sourceTree = "<group>"; };
		92E3722F1C4E11DF001AAD8B /* Avant Garde Book BT.ttf */ = {isa = PBXFileReference; lastKnownFileType = file; name = "Avant Garde Book BT.ttf"; path = "OpenTokRTC/Avant Garde Book BT.ttf"; sourceTree = "<group>"; };
		ADDF8CC2A3C33C9F2F2F30C5 /* Pods-OpenTokRTC.release.xcconfig */ = {isa = PBXFileReference; includeInIndex = 1; lastKnownFileType = text.xcconfig; name = "Pods-OpenTokRTC.release.xcconfig"; path = "Pods/Target Support Files/Pods-OpenTokRTC/Pods-OpenTokRTC.release.xcconfig"; sourceTree = "<group>"; };
/* End PBXFileReference section */

/* Begin PBXFrameworksBuildPhase section */
		920885E51C4DB44100121424 /* Frameworks */ = {
			isa = PBXFrameworksBuildPhase;
			buildActionMask = 2147483647;
			files = (
				7B7CBAC34247E8640E960CFC /* libPods-OpenTokRTC.a in Frameworks */,
			);
			runOnlyForDeploymentPostprocessing = 0;
		};
/* End PBXFrameworksBuildPhase section */

/* Begin PBXGroup section */
		0BDB65093053F9148A386768 /* Pods */ = {
			isa = PBXGroup;
			children = (
				4C4DC6D1F1AC37F67D6BC72A /* Pods-OpenTokRTC.debug.xcconfig */,
				ADDF8CC2A3C33C9F2F2F30C5 /* Pods-OpenTokRTC.release.xcconfig */,
			);
			name = Pods;
			sourceTree = "<group>";
		};
		655C6E6C3C82DD67E2596BA8 /* Frameworks */ = {
			isa = PBXGroup;
			children = (
				5733971C0910634C2DC00A25 /* libPods-OpenTokRTC.a */,
			);
			name = Frameworks;
			sourceTree = "<group>";
		};
		920885DF1C4DB44100121424 = {
			isa = PBXGroup;
			children = (
				92E372271C4DEB99001AAD8B /* View Controllers */,
				920885EA1C4DB44100121424 /* Other Classes */,
				92E372281C4DEC30001AAD8B /* Interface */,
				920885EB1C4DB44100121424 /* Supporting Files */,
				920885E91C4DB44100121424 /* Products */,
				92E372201C4DB660001AAD8B /* README.md */,
				92E3721C1C4DB641001AAD8B /* .gitignore */,
				92E3721D1C4DB641001AAD8B /* Podfile */,
				0BDB65093053F9148A386768 /* Pods */,
				655C6E6C3C82DD67E2596BA8 /* Frameworks */,
			);
			sourceTree = "<group>";
		};
		920885E91C4DB44100121424 /* Products */ = {
			isa = PBXGroup;
			children = (
				920885E81C4DB44100121424 /* OpenTokRTC.app */,
			);
			name = Products;
			sourceTree = "<group>";
		};
		920885EA1C4DB44100121424 /* Other Classes */ = {
			isa = PBXGroup;
			children = (
				920885EE1C4DB44100121424 /* AppDelegate.h */,
				920885EF1C4DB44100121424 /* AppDelegate.m */,
			);
			name = "Other Classes";
			path = OpenTokRTC;
			sourceTree = "<group>";
		};
		920885EB1C4DB44100121424 /* Supporting Files */ = {
			isa = PBXGroup;
			children = (
				920885FC1C4DB44100121424 /* Info.plist */,
				920885EC1C4DB44100121424 /* main.m */,
			);
			name = "Supporting Files";
			path = OpenTokRTC;
			sourceTree = "<group>";
		};
		92E372271C4DEB99001AAD8B /* View Controllers */ = {
			isa = PBXGroup;
			children = (
				920885F11C4DB44100121424 /* ViewController.h */,
				920885F21C4DB44100121424 /* ViewController.m */,
				92E372241C4DC142001AAD8B /* RoomViewController.h */,
				92E372251C4DC142001AAD8B /* RoomViewController.m */,
			);
			name = "View Controllers";
			sourceTree = "<group>";
		};
		92E372281C4DEC30001AAD8B /* Interface */ = {
			isa = PBXGroup;
			children = (
				92E3722C1C4E0393001AAD8B /* MainStoryboard.storyboard */,
				920885F71C4DB44100121424 /* Assets.xcassets */,
				92E3722F1C4E11DF001AAD8B /* Avant Garde Book BT.ttf */,
			);
			name = Interface;
			sourceTree = "<group>";
		};
/* End PBXGroup section */

/* Begin PBXNativeTarget section */
		920885E71C4DB44100121424 /* OpenTokRTC */ = {
			isa = PBXNativeTarget;
			buildConfigurationList = 920885FF1C4DB44100121424 /* Build configuration list for PBXNativeTarget "OpenTokRTC" */;
			buildPhases = (
				934BF4B1C21985A1E970D2D5 /* Check Pods Manifest.lock */,
				920885E41C4DB44100121424 /* Sources */,
				920885E51C4DB44100121424 /* Frameworks */,
				920885E61C4DB44100121424 /* Resources */,
				15C04E6FD8049AE2EB2D86CB /* Embed Pods Frameworks */,
				FAC5AE8036B6F230DFC249A4 /* Copy Pods Resources */,
			);
			buildRules = (
			);
			dependencies = (
			);
			name = OpenTokRTC;
			productName = OpenTokRTC;
			productReference = 920885E81C4DB44100121424 /* OpenTokRTC.app */;
			productType = "com.apple.product-type.application";
		};
/* End PBXNativeTarget section */

/* Begin PBXProject section */
		920885E01C4DB44100121424 /* Project object */ = {
			isa = PBXProject;
			attributes = {
				LastUpgradeCheck = 0720;
				ORGANIZATIONNAME = "TokBox, Inc";
				TargetAttributes = {
					920885E71C4DB44100121424 = {
						CreatedOnToolsVersion = 7.2;
						DevelopmentTeam = 388D56L7YB;
						SystemCapabilities = {
							com.apple.BackgroundModes = {
								enabled = 1;
							};
						};
					};
				};
			};
			buildConfigurationList = 920885E31C4DB44100121424 /* Build configuration list for PBXProject "OpenTokRTC" */;
			compatibilityVersion = "Xcode 3.2";
			developmentRegion = English;
			hasScannedForEncodings = 0;
			knownRegions = (
				en,
				Base,
			);
			mainGroup = 920885DF1C4DB44100121424;
			productRefGroup = 920885E91C4DB44100121424 /* Products */;
			projectDirPath = "";
			projectRoot = "";
			targets = (
				920885E71C4DB44100121424 /* OpenTokRTC */,
			);
		};
/* End PBXProject section */

/* Begin PBXResourcesBuildPhase section */
		920885E61C4DB44100121424 /* Resources */ = {
			isa = PBXResourcesBuildPhase;
			buildActionMask = 2147483647;
			files = (
				920885F81C4DB44100121424 /* Assets.xcassets in Resources */,
				92E3722E1C4E0393001AAD8B /* MainStoryboard.storyboard in Resources */,
				92E372301C4E11DF001AAD8B /* Avant Garde Book BT.ttf in Resources */,
			);
			runOnlyForDeploymentPostprocessing = 0;
		};
/* End PBXResourcesBuildPhase section */

/* Begin PBXShellScriptBuildPhase section */
		15C04E6FD8049AE2EB2D86CB /* Embed Pods Frameworks */ = {
			isa = PBXShellScriptBuildPhase;
			buildActionMask = 2147483647;
			files = (
			);
			inputPaths = (
			);
			name = "Embed Pods Frameworks";
			outputPaths = (
			);
			runOnlyForDeploymentPostprocessing = 0;
			shellPath = /bin/sh;
			shellScript = "\"${SRCROOT}/Pods/Target Support Files/Pods-OpenTokRTC/Pods-OpenTokRTC-frameworks.sh\"\n";
			showEnvVarsInLog = 0;
		};
		934BF4B1C21985A1E970D2D5 /* Check Pods Manifest.lock */ = {
			isa = PBXShellScriptBuildPhase;
			buildActionMask = 2147483647;
			files = (
			);
			inputPaths = (
			);
			name = "Check Pods Manifest.lock";
			outputPaths = (
			);
			runOnlyForDeploymentPostprocessing = 0;
			shellPath = /bin/sh;
			shellScript = "diff \"${PODS_ROOT}/../Podfile.lock\" \"${PODS_ROOT}/Manifest.lock\" > /dev/null\nif [[ $? != 0 ]] ; then\n    cat << EOM\nerror: The sandbox is not in sync with the Podfile.lock. Run 'pod install' or update your CocoaPods installation.\nEOM\n    exit 1\nfi\n";
			showEnvVarsInLog = 0;
		};
		FAC5AE8036B6F230DFC249A4 /* Copy Pods Resources */ = {
			isa = PBXShellScriptBuildPhase;
			buildActionMask = 2147483647;
			files = (
			);
			inputPaths = (
			);
			name = "Copy Pods Resources";
			outputPaths = (
			);
			runOnlyForDeploymentPostprocessing = 0;
			shellPath = /bin/sh;
			shellScript = "\"${SRCROOT}/Pods/Target Support Files/Pods-OpenTokRTC/Pods-OpenTokRTC-resources.sh\"\n";
			showEnvVarsInLog = 0;
		};
/* End PBXShellScriptBuildPhase section */

/* Begin PBXSourcesBuildPhase section */
		920885E41C4DB44100121424 /* Sources */ = {
			isa = PBXSourcesBuildPhase;
			buildActionMask = 2147483647;
			files = (
				920885F31C4DB44100121424 /* ViewController.m in Sources */,
				920885F01C4DB44100121424 /* AppDelegate.m in Sources */,
				920885ED1C4DB44100121424 /* main.m in Sources */,
				92E372261C4DC142001AAD8B /* RoomViewController.m in Sources */,
			);
			runOnlyForDeploymentPostprocessing = 0;
		};
/* End PBXSourcesBuildPhase section */

/* Begin PBXVariantGroup section */
		92E3722C1C4E0393001AAD8B /* MainStoryboard.storyboard */ = {
			isa = PBXVariantGroup;
			children = (
				92E3722D1C4E0393001AAD8B /* Base */,
			);
			name = MainStoryboard.storyboard;
			sourceTree = "<group>";
		};
/* End PBXVariantGroup section */

/* Begin XCBuildConfiguration section */
		920885FD1C4DB44100121424 /* Debug */ = {
			isa = XCBuildConfiguration;
			buildSettings = {
				ALWAYS_SEARCH_USER_PATHS = NO;
				CLANG_CXX_LANGUAGE_STANDARD = "gnu++0x";
				CLANG_CXX_LIBRARY = "libc++";
				CLANG_ENABLE_MODULES = YES;
				CLANG_ENABLE_OBJC_ARC = YES;
				CLANG_WARN_BOOL_CONVERSION = YES;
				CLANG_WARN_CONSTANT_CONVERSION = YES;
				CLANG_WARN_DIRECT_OBJC_ISA_USAGE = YES_ERROR;
				CLANG_WARN_EMPTY_BODY = YES;
				CLANG_WARN_ENUM_CONVERSION = YES;
				CLANG_WARN_INT_CONVERSION = YES;
				CLANG_WARN_OBJC_ROOT_CLASS = YES_ERROR;
				CLANG_WARN_UNREACHABLE_CODE = YES;
				CLANG_WARN__DUPLICATE_METHOD_MATCH = YES;
				"CODE_SIGN_IDENTITY[sdk=iphoneos*]" = "iPhone Developer";
				COPY_PHASE_STRIP = NO;
				DEBUG_INFORMATION_FORMAT = dwarf;
				ENABLE_STRICT_OBJC_MSGSEND = YES;
				ENABLE_TESTABILITY = YES;
				GCC_C_LANGUAGE_STANDARD = gnu99;
				GCC_DYNAMIC_NO_PIC = NO;
				GCC_NO_COMMON_BLOCKS = YES;
				GCC_OPTIMIZATION_LEVEL = 0;
				GCC_PREPROCESSOR_DEFINITIONS = (
					"DEBUG=1",
					"$(inherited)",
				);
				GCC_WARN_64_TO_32_BIT_CONVERSION = YES;
				GCC_WARN_ABOUT_RETURN_TYPE = YES_ERROR;
				GCC_WARN_UNDECLARED_SELECTOR = YES;
				GCC_WARN_UNINITIALIZED_AUTOS = YES_AGGRESSIVE;
				GCC_WARN_UNUSED_FUNCTION = YES;
				GCC_WARN_UNUSED_VARIABLE = YES;
				IPHONEOS_DEPLOYMENT_TARGET = 9.2;
				MTL_ENABLE_DEBUG_INFO = YES;
				ONLY_ACTIVE_ARCH = YES;
				SDKROOT = iphoneos;
			};
			name = Debug;
		};
		920885FE1C4DB44100121424 /* Release */ = {
			isa = XCBuildConfiguration;
			buildSettings = {
				ALWAYS_SEARCH_USER_PATHS = NO;
				CLANG_CXX_LANGUAGE_STANDARD = "gnu++0x";
				CLANG_CXX_LIBRARY = "libc++";
				CLANG_ENABLE_MODULES = YES;
				CLANG_ENABLE_OBJC_ARC = YES;
				CLANG_WARN_BOOL_CONVERSION = YES;
				CLANG_WARN_CONSTANT_CONVERSION = YES;
				CLANG_WARN_DIRECT_OBJC_ISA_USAGE = YES_ERROR;
				CLANG_WARN_EMPTY_BODY = YES;
				CLANG_WARN_ENUM_CONVERSION = YES;
				CLANG_WARN_INT_CONVERSION = YES;
				CLANG_WARN_OBJC_ROOT_CLASS = YES_ERROR;
				CLANG_WARN_UNREACHABLE_CODE = YES;
				CLANG_WARN__DUPLICATE_METHOD_MATCH = YES;
				"CODE_SIGN_IDENTITY[sdk=iphoneos*]" = "iPhone Developer";
				COPY_PHASE_STRIP = NO;
				DEBUG_INFORMATION_FORMAT = "dwarf-with-dsym";
				ENABLE_NS_ASSERTIONS = NO;
				ENABLE_STRICT_OBJC_MSGSEND = YES;
				GCC_C_LANGUAGE_STANDARD = gnu99;
				GCC_NO_COMMON_BLOCKS = YES;
				GCC_WARN_64_TO_32_BIT_CONVERSION = YES;
				GCC_WARN_ABOUT_RETURN_TYPE = YES_ERROR;
				GCC_WARN_UNDECLARED_SELECTOR = YES;
				GCC_WARN_UNINITIALIZED_AUTOS = YES_AGGRESSIVE;
				GCC_WARN_UNUSED_FUNCTION = YES;
				GCC_WARN_UNUSED_VARIABLE = YES;
				IPHONEOS_DEPLOYMENT_TARGET = 9.2;
				MTL_ENABLE_DEBUG_INFO = NO;
				SDKROOT = iphoneos;
				VALIDATE_PRODUCT = YES;
			};
			name = Release;
		};
		920886001C4DB44100121424 /* Debug */ = {
			isa = XCBuildConfiguration;
			baseConfigurationReference = 4C4DC6D1F1AC37F67D6BC72A /* Pods-OpenTokRTC.debug.xcconfig */;
			buildSettings = {
				ASSETCATALOG_COMPILER_APPICON_NAME = AppIcon;
				ASSETCATALOG_COMPILER_LAUNCHIMAGE_NAME = LaunchImage;
				CODE_SIGN_IDENTITY = "iPhone Developer";
				INFOPLIST_FILE = OpenTokRTC/Info.plist;
				IPHONEOS_DEPLOYMENT_TARGET = 7.0;
				LD_RUNPATH_SEARCH_PATHS = "$(inherited) @executable_path/Frameworks";
				PRODUCT_BUNDLE_IDENTIFIER = com.ai.OpenTokRTC;
				PRODUCT_NAME = "$(TARGET_NAME)";
			};
			name = Debug;
		};
		920886011C4DB44100121424 /* Release */ = {
			isa = XCBuildConfiguration;
			baseConfigurationReference = ADDF8CC2A3C33C9F2F2F30C5 /* Pods-OpenTokRTC.release.xcconfig */;
			buildSettings = {
				ASSETCATALOG_COMPILER_APPICON_NAME = AppIcon;
				ASSETCATALOG_COMPILER_LAUNCHIMAGE_NAME = LaunchImage;
				CODE_SIGN_IDENTITY = "iPhone Developer";
				INFOPLIST_FILE = OpenTokRTC/Info.plist;
				IPHONEOS_DEPLOYMENT_TARGET = 7.0;
				LD_RUNPATH_SEARCH_PATHS = "$(inherited) @executable_path/Frameworks";
				PRODUCT_BUNDLE_IDENTIFIER = com.ai.OpenTokRTC;
				PRODUCT_NAME = "$(TARGET_NAME)";
			};
			name = Release;
		};
/* End XCBuildConfiguration section */

/* Begin XCConfigurationList section */
		920885E31C4DB44100121424 /* Build configuration list for PBXProject "OpenTokRTC" */ = {
			isa = XCConfigurationList;
			buildConfigurations = (
				920885FD1C4DB44100121424 /* Debug */,
				920885FE1C4DB44100121424 /* Release */,
			);
			defaultConfigurationIsVisible = 0;
			defaultConfigurationName = Release;
		};
		920885FF1C4DB44100121424 /* Build configuration list for PBXNativeTarget "OpenTokRTC" */ = {
			isa = XCConfigurationList;
			buildConfigurations = (
				920886001C4DB44100121424 /* Debug */,
				920886011C4DB44100121424 /* Release */,
			);
			defaultConfigurationIsVisible = 0;
			defaultConfigurationName = Release;
		};
/* End XCConfigurationList section */
	};
	rootObject = 920885E01C4DB44100121424 /* Project object */;
}
